
Microsoft Visual Studio Solution File, Format Version 11.00
# Visual Studio 2010
Project("{2150E333-8FDC-42A3-9474-1A3956D46DE8}") = "Tests", "Tests", "{B84405B3-006D-456C-ABEC-A62E971EB68F}"
EndProject
Project("{2150E333-8FDC-42A3-9474-1A3956D46DE8}") = "Solution Items", "Solution Items", "{441F1F6E-719C-439F-86D7-0E3A991500AF}"
	ProjectSection(SolutionItems) = preProject
		Local.testsettings = Local.testsettings
		TraceAndTestImpact.testsettings = TraceAndTestImpact.testsettings
		WaveletStudio.vsmdi = WaveletStudio.vsmdi
	EndProjectSection
EndProject
Project("{FAE04EC0-301F-11D3-BF4B-00C04F79EFBC}") = "WaveletStudio", "WaveletStudio\WaveletStudio.csproj", "{003D0672-355F-416B-9E88-DC95F0762329}"
EndProject
Project("{FAE04EC0-301F-11D3-BF4B-00C04F79EFBC}") = "WaveletStudio.Tests", "Tests\WaveletStudio.Tests\WaveletStudio.Tests.csproj", "{A182FEB7-2FB2-448F-A62C-751F73B8E63B}"
EndProject
Global
	GlobalSection(TestCaseManagementSettings) = postSolution
		CategoryFile = WaveletStudio.vsmdi
	EndGlobalSection
	GlobalSection(SolutionConfigurationPlatforms) = preSolution
		Debug|Any CPU = Debug|Any CPU
		Release|Any CPU = Release|Any CPU
	EndGlobalSection
	GlobalSection(ProjectConfigurationPlatforms) = postSolution
		{003D0672-355F-416B-9E88-DC95F0762329}.Debug|Any CPU.ActiveCfg = Debug|Any CPU
		{003D0672-355F-416B-9E88-DC95F0762329}.Debug|Any CPU.Build.0 = Debug|Any CPU
		{003D0672-355F-416B-9E88-DC95F0762329}.Release|Any CPU.ActiveCfg = Release|Any CPU
		{003D0672-355F-416B-9E88-DC95F0762329}.Release|Any CPU.Build.0 = Release|Any CPU
		{A182FEB7-2FB2-448F-A62C-751F73B8E63B}.Debug|Any CPU.ActiveCfg = Debug|Any CPU
		{A182FEB7-2FB2-448F-A62C-751F73B8E63B}.Debug|Any CPU.Build.0 = Debug|Any CPU
		{A182FEB7-2FB2-448F-A62C-751F73B8E63B}.Release|Any CPU.ActiveCfg = Release|Any CPU
		{A182FEB7-2FB2-448F-A62C-751F73B8E63B}.Release|Any CPU.Build.0 = Release|Any CPU
	EndGlobalSection
	GlobalSection(SolutionProperties) = preSolution
		HideSolutionNode = FALSE
	EndGlobalSection
	GlobalSection(NestedProjects) = preSolution
		{441F1F6E-719C-439F-86D7-0E3A991500AF} = {B84405B3-006D-456C-ABEC-A62E971EB68F}
		{A182FEB7-2FB2-448F-A62C-751F73B8E63B} = {B84405B3-006D-456C-ABEC-A62E971EB68F}
	EndGlobalSection
EndGlobal
